
Microsoft Visual Studio Solution File, Format Version 12.00
# Visual Studio Version 17
VisualStudioVersion = 17.9.34728.123
MinimumVisualStudioVersion = 10.0.40219.1
Project("{FAE04EC0-301F-11D3-BF4B-00C04F79EFBC}") = "Lab_4_9", "Lab_4_9\Lab_4_9.csproj", "{427B1772-2B21-409E-A28A-3416EB937435}"
EndProject
Global
	GlobalSection(SolutionConfigurationPlatforms) = preSolution
		Debug|Any CPU = Debug|Any CPU
		Release|Any CPU = Release|Any CPU
	EndGlobalSection
	GlobalSection(ProjectConfigurationPlatforms) = postSolution
		{427B1772-2B21-409E-A28A-3416EB937435}.Debug|Any CPU.ActiveCfg = Debug|Any CPU
		{427B1772-2B21-409E-A28A-3416EB937435}.Debug|Any CPU.Build.0 = Debug|Any CPU
		{427B1772-2B21-409E-A28A-3416EB937435}.Release|Any CPU.ActiveCfg = Release|Any CPU
		{427B1772-2B21-409E-A28A-3416EB937435}.Release|Any CPU.Build.0 = Release|Any CPU
	EndGlobalSection
	GlobalSection(SolutionProperties) = preSolution
		HideSolutionNode = FALSE
	EndGlobalSection
	GlobalSection(ExtensibilityGlobals) = postSolution
		SolutionGuid = {634250F4-DBD4-4AF9-AB9A-03ABB254A921}
	EndGlobalSection
EndGlobal
